// !$*UTF8*$!
{
	archiveVersion = 1;
	classes = {
	};
	objectVersion = 48;
	objects = {

/* Begin PBXBuildFile section */
		1875D33D2085FFBB001BB6E6 /* AppDelegate.m in Sources */ = {isa = PBXBuildFile; fileRef = 1875D33C2085FFBB001BB6E6 /* AppDelegate.m */; };
		1875D3402085FFBB001BB6E6 /* ViewController.m in Sources */ = {isa = PBXBuildFile; fileRef = 1875D33F2085FFBB001BB6E6 /* ViewController.m */; };
		1875D3432085FFBB001BB6E6 /* Main.storyboard in Resources */ = {isa = PBXBuildFile; fileRef = 1875D3412085FFBB001BB6E6 /* Main.storyboard */; };
		1875D3452085FFBB001BB6E6 /* Assets.xcassets in Resources */ = {isa = PBXBuildFile; fileRef = 1875D3442085FFBB001BB6E6 /* Assets.xcassets */; };
		1875D3482085FFBB001BB6E6 /* LaunchScreen.storyboard in Resources */ = {isa = PBXBuildFile; fileRef = 1875D3462085FFBB001BB6E6 /* LaunchScreen.storyboard */; };
		1875D34B2085FFBB001BB6E6 /* main.m in Sources */ = {isa = PBXBuildFile; fileRef = 1875D34A2085FFBB001BB6E6 /* main.m */; };
		1875D3552085FFBB001BB6E6 /* golly_StructureTests.m in Sources */ = {isa = PBXBuildFile; fileRef = 1875D3542085FFBB001BB6E6 /* golly_StructureTests.m */; };
		1875D3602085FFBB001BB6E6 /* golly_StructureUITests.m in Sources */ = {isa = PBXBuildFile; fileRef = 1875D35F2085FFBB001BB6E6 /* golly_StructureUITests.m */; };
/* End PBXBuildFile section */

/* Begin PBXContainerItemProxy section */
		1875D3512085FFBB001BB6E6 /* PBXContainerItemProxy */ = {
			isa = PBXContainerItemProxy;
			containerPortal = 1875D3302085FFBA001BB6E6 /* Project object */;
			proxyType = 1;
			remoteGlobalIDString = 1875D3372085FFBA001BB6E6;
			remoteInfo = golly_Structure;
		};
		1875D35C2085FFBB001BB6E6 /* PBXContainerItemProxy */ = {
			isa = PBXContainerItemProxy;
			containerPortal = 1875D3302085FFBA001BB6E6 /* Project object */;
			proxyType = 1;
			remoteGlobalIDString = 1875D3372085FFBA001BB6E6;
			remoteInfo = golly_Structure;
		};
/* End PBXContainerItemProxy section */

/* Begin PBXFileReference section */
		1875D3382085FFBA001BB6E6 /* golly_Structure.app */ = {isa = PBXFileReference; explicitFileType = wrapper.application; includeInIndex = 0; path = golly_Structure.app; sourceTree = BUILT_PRODUCTS_DIR; };
		1875D33B2085FFBB001BB6E6 /* AppDelegate.h */ = {isa = PBXFileReference; lastKnownFileType = sourcecode.c.h; path = AppDelegate.h; sourceTree = "<group>"; };
		1875D33C2085FFBB001BB6E6 /* AppDelegate.m */ = {isa = PBXFileReference; lastKnownFileType = sourcecode.c.objc; path = AppDelegate.m; sourceTree = "<group>"; };
		1875D33E2085FFBB001BB6E6 /* ViewController.h */ = {isa = PBXFileReference; lastKnownFileType = sourcecode.c.h; path = ViewController.h; sourceTree = "<group>"; };
		1875D33F2085FFBB001BB6E6 /* ViewController.m */ = {isa = PBXFileReference; lastKnownFileType = sourcecode.c.objc; path = ViewController.m; sourceTree = "<group>"; };
		1875D3422085FFBB001BB6E6 /* Base */ = {isa = PBXFileReference; lastKnownFileType = file.storyboard; name = Base; path = Base.lproj/Main.storyboard; sourceTree = "<group>"; };
		1875D3442085FFBB001BB6E6 /* Assets.xcassets */ = {isa = PBXFileReference; lastKnownFileType = folder.assetcatalog; path = Assets.xcassets; sourceTree = "<group>"; };
		1875D3472085FFBB001BB6E6 /* Base */ = {isa = PBXFileReference; lastKnownFileType = file.storyboard; name = Base; path = Base.lproj/LaunchScreen.storyboard; sourceTree = "<group>"; };
		1875D3492085FFBB001BB6E6 /* Info.plist */ = {isa = PBXFileReference; lastKnownFileType = text.plist.xml; path = Info.plist; sourceTree = "<group>"; };
		1875D34A2085FFBB001BB6E6 /* main.m */ = {isa = PBXFileReference; lastKnownFileType = sourcecode.c.objc; path = main.m; sourceTree = "<group>"; };
		1875D3502085FFBB001BB6E6 /* golly_StructureTests.xctest */ = {isa = PBXFileReference; explicitFileType = wrapper.cfbundle; includeInIndex = 0; path = golly_StructureTests.xctest; sourceTree = BUILT_PRODUCTS_DIR; };
		1875D3542085FFBB001BB6E6 /* golly_StructureTests.m */ = {isa = PBXFileReference; lastKnownFileType = sourcecode.c.objc; path = golly_StructureTests.m; sourceTree = "<group>"; };
		1875D3562085FFBB001BB6E6 /* Info.plist */ = {isa = PBXFileReference; lastKnownFileType = text.plist.xml; path = Info.plist; sourceTree = "<group>"; };
		1875D35B2085FFBB001BB6E6 /* golly_StructureUITests.xctest */ = {isa = PBXFileReference; explicitFileType = wrapper.cfbundle; includeInIndex = 0; path = golly_StructureUITests.xctest; sourceTree = BUILT_PRODUCTS_DIR; };
		1875D35F2085FFBB001BB6E6 /* golly_StructureUITests.m */ = {isa = PBXFileReference; lastKnownFileType = sourcecode.c.objc; path = golly_StructureUITests.m; sourceTree = "<group>"; };
		1875D3612085FFBB001BB6E6 /* Info.plist */ = {isa = PBXFileReference; lastKnownFileType = text.plist.xml; path = Info.plist; sourceTree = "<group>"; };
/* End PBXFileReference section */

/* Begin PBXFrameworksBuildPhase section */
		1875D3352085FFBA001BB6E6 /* Frameworks */ = {
			isa = PBXFrameworksBuildPhase;
			buildActionMask = 2147483647;
			files = (
			);
			runOnlyForDeploymentPostprocessing = 0;
		};
		1875D34D2085FFBB001BB6E6 /* Frameworks */ = {
			isa = PBXFrameworksBuildPhase;
			buildActionMask = 2147483647;
			files = (
			);
			runOnlyForDeploymentPostprocessing = 0;
		};
		1875D3582085FFBB001BB6E6 /* Frameworks */ = {
			isa = PBXFrameworksBuildPhase;
			buildActionMask = 2147483647;
			files = (
			);
			runOnlyForDeploymentPostprocessing = 0;
		};
/* End PBXFrameworksBuildPhase section */

/* Begin PBXGroup section */
		1875D32F2085FFBA001BB6E6 = {
			isa = PBXGroup;
			children = (
				1875D33A2085FFBA001BB6E6 /* golly_Structure */,
				1875D3532085FFBB001BB6E6 /* golly_StructureTests */,
				1875D35E2085FFBB001BB6E6 /* golly_StructureUITests */,
				1875D3392085FFBA001BB6E6 /* Products */,
			);
			sourceTree = "<group>";
		};
		1875D3392085FFBA001BB6E6 /* Products */ = {
			isa = PBXGroup;
			children = (
				1875D3382085FFBA001BB6E6 /* golly_Structure.app */,
				1875D3502085FFBB001BB6E6 /* golly_StructureTests.xctest */,
				1875D35B2085FFBB001BB6E6 /* golly_StructureUITests.xctest */,
			);
			name = Products;
			sourceTree = "<group>";
		};
		1875D33A2085FFBA001BB6E6 /* golly_Structure */ = {
			isa = PBXGroup;
			children = (
				1875D33B2085FFBB001BB6E6 /* AppDelegate.h */,
				1875D33C2085FFBB001BB6E6 /* AppDelegate.m */,
				1875D33E2085FFBB001BB6E6 /* ViewController.h */,
				1875D33F2085FFBB001BB6E6 /* ViewController.m */,
				1875D3412085FFBB001BB6E6 /* Main.storyboard */,
				1875D3442085FFBB001BB6E6 /* Assets.xcassets */,
				1875D3462085FFBB001BB6E6 /* LaunchScreen.storyboard */,
				1875D3492085FFBB001BB6E6 /* Info.plist */,
				1875D34A2085FFBB001BB6E6 /* main.m */,
			);
			path = golly_Structure;
			sourceTree = "<group>";
		};
		1875D3532085FFBB001BB6E6 /* golly_StructureTests */ = {
			isa = PBXGroup;
			children = (
				1875D3542085FFBB001BB6E6 /* golly_StructureTests.m */,
				1875D3562085FFBB001BB6E6 /* Info.plist */,
			);
			path = golly_StructureTests;
			sourceTree = "<group>";
		};
		1875D35E2085FFBB001BB6E6 /* golly_StructureUITests */ = {
			isa = PBXGroup;
			children = (
				1875D35F2085FFBB001BB6E6 /* golly_StructureUITests.m */,
				1875D3612085FFBB001BB6E6 /* Info.plist */,
			);
			path = golly_StructureUITests;
			sourceTree = "<group>";
		};
/* End PBXGroup section */

/* Begin PBXNativeTarget section */
		1875D3372085FFBA001BB6E6 /* golly_Structure */ = {
			isa = PBXNativeTarget;
			buildConfigurationList = 1875D3642085FFBB001BB6E6 /* Build configuration list for PBXNativeTarget "golly_Structure" */;
			buildPhases = (
				1875D3342085FFBA001BB6E6 /* Sources */,
				1875D3352085FFBA001BB6E6 /* Frameworks */,
				1875D3362085FFBA001BB6E6 /* Resources */,
			);
			buildRules = (
			);
			dependencies = (
			);
			name = golly_Structure;
			productName = golly_Structure;
			productReference = 1875D3382085FFBA001BB6E6 /* golly_Structure.app */;
			productType = "com.apple.product-type.application";
		};
		1875D34F2085FFBB001BB6E6 /* golly_StructureTests */ = {
			isa = PBXNativeTarget;
			buildConfigurationList = 1875D3672085FFBB001BB6E6 /* Build configuration list for PBXNativeTarget "golly_StructureTests" */;
			buildPhases = (
				1875D34C2085FFBB001BB6E6 /* Sources */,
				1875D34D2085FFBB001BB6E6 /* Frameworks */,
				1875D34E2085FFBB001BB6E6 /* Resources */,
			);
			buildRules = (
			);
			dependencies = (
				1875D3522085FFBB001BB6E6 /* PBXTargetDependency */,
			);
			name = golly_StructureTests;
			productName = golly_StructureTests;
			productReference = 1875D3502085FFBB001BB6E6 /* golly_StructureTests.xctest */;
			productType = "com.apple.product-type.bundle.unit-test";
		};
		1875D35A2085FFBB001BB6E6 /* golly_StructureUITests */ = {
			isa = PBXNativeTarget;
			buildConfigurationList = 1875D36A2085FFBB001BB6E6 /* Build configuration list for PBXNativeTarget "golly_StructureUITests" */;
			buildPhases = (
				1875D3572085FFBB001BB6E6 /* Sources */,
				1875D3582085FFBB001BB6E6 /* Frameworks */,
				1875D3592085FFBB001BB6E6 /* Resources */,
			);
			buildRules = (
			);
			dependencies = (
				1875D35D2085FFBB001BB6E6 /* PBXTargetDependency */,
			);
			name = golly_StructureUITests;
			productName = golly_StructureUITests;
			productReference = 1875D35B2085FFBB001BB6E6 /* golly_StructureUITests.xctest */;
			productType = "com.apple.product-type.bundle.ui-testing";
		};
/* End PBXNativeTarget section */

/* Begin PBXProject section */
		1875D3302085FFBA001BB6E6 /* Project object */ = {
			isa = PBXProject;
			attributes = {
				LastUpgradeCheck = 0910;
				ORGANIZATIONNAME = "孙国立";
				TargetAttributes = {
					1875D3372085FFBA001BB6E6 = {
						CreatedOnToolsVersion = 9.1;
						ProvisioningStyle = Automatic;
					};
					1875D34F2085FFBB001BB6E6 = {
						CreatedOnToolsVersion = 9.1;
						ProvisioningStyle = Automatic;
						TestTargetID = 1875D3372085FFBA001BB6E6;
					};
					1875D35A2085FFBB001BB6E6 = {
						CreatedOnToolsVersion = 9.1;
						ProvisioningStyle = Automatic;
						TestTargetID = 1875D3372085FFBA001BB6E6;
					};
				};
			};
			buildConfigurationList = 1875D3332085FFBA001BB6E6 /* Build configuration list for PBXProject "golly_Structure" */;
			compatibilityVersion = "Xcode 8.0";
			developmentRegion = en;
			hasScannedForEncodings = 0;
			knownRegions = (
				en,
				Base,
			);
			mainGroup = 1875D32F2085FFBA001BB6E6;
			productRefGroup = 1875D3392085FFBA001BB6E6 /* Products */;
			projectDirPath = "";
			projectRoot = "";
			targets = (
				1875D3372085FFBA001BB6E6 /* golly_Structure */,
				1875D34F2085FFBB001BB6E6 /* golly_StructureTests */,
				1875D35A2085FFBB001BB6E6 /* golly_StructureUITests */,
			);
		};
/* End PBXProject section */

/* Begin PBXResourcesBuildPhase section */
		1875D3362085FFBA001BB6E6 /* Resources */ = {
			isa = PBXResourcesBuildPhase;
			buildActionMask = 2147483647;
			files = (
				1875D3482085FFBB001BB6E6 /* LaunchScreen.storyboard in Resources */,
				1875D3452085FFBB001BB6E6 /* Assets.xcassets in Resources */,
				1875D3432085FFBB001BB6E6 /* Main.storyboard in Resources */,
			);
			runOnlyForDeploymentPostprocessing = 0;
		};
		1875D34E2085FFBB001BB6E6 /* Resources */ = {
			isa = PBXResourcesBuildPhase;
			buildActionMask = 2147483647;
			files = (
			);
			runOnlyForDeploymentPostprocessing = 0;
		};
		1875D3592085FFBB001BB6E6 /* Resources */ = {
			isa = PBXResourcesBuildPhase;
			buildActionMask = 2147483647;
			files = (
			);
			runOnlyForDeploymentPostprocessing = 0;
		};
/* End PBXResourcesBuildPhase section */

/* Begin PBXSourcesBuildPhase section */
		1875D3342085FFBA001BB6E6 /* Sources */ = {
			isa = PBXSourcesBuildPhase;
			buildActionMask = 2147483647;
			files = (
				1875D3402085FFBB001BB6E6 /* ViewController.m in Sources */,
				1875D34B2085FFBB001BB6E6 /* main.m in Sources */,
				1875D33D2085FFBB001BB6E6 /* AppDelegate.m in Sources */,
			);
			runOnlyForDeploymentPostprocessing = 0;
		};
		1875D34C2085FFBB001BB6E6 /* Sources */ = {
			isa = PBXSourcesBuildPhase;
			buildActionMask = 2147483647;
			files = (
				1875D3552085FFBB001BB6E6 /* golly_StructureTests.m in Sources */,
			);
			runOnlyForDeploymentPostprocessing = 0;
		};
		1875D3572085FFBB001BB6E6 /* Sources */ = {
			isa = PBXSourcesBuildPhase;
			buildActionMask = 2147483647;
			files = (
				1875D3602085FFBB001BB6E6 /* golly_StructureUITests.m in Sources */,
			);
			runOnlyForDeploymentPostprocessing = 0;
		};
/* End PBXSourcesBuildPhase section */

/* Begin PBXTargetDependency section */
		1875D3522085FFBB001BB6E6 /* PBXTargetDependency */ = {
			isa = PBXTargetDependency;
			target = 1875D3372085FFBA001BB6E6 /* golly_Structure */;
			targetProxy = 1875D3512085FFBB001BB6E6 /* PBXContainerItemProxy */;
		};
		1875D35D2085FFBB001BB6E6 /* PBXTargetDependency */ = {
			isa = PBXTargetDependency;
			target = 1875D3372085FFBA001BB6E6 /* golly_Structure */;
			targetProxy = 1875D35C2085FFBB001BB6E6 /* PBXContainerItemProxy */;
		};
/* End PBXTargetDependency section */

/* Begin PBXVariantGroup section */
		1875D3412085FFBB001BB6E6 /* Main.storyboard */ = {
			isa = PBXVariantGroup;
			children = (
				1875D3422085FFBB001BB6E6 /* Base */,
			);
			name = Main.storyboard;
			sourceTree = "<group>";
		};
		1875D3462085FFBB001BB6E6 /* LaunchScreen.storyboard */ = {
			isa = PBXVariantGroup;
			children = (
				1875D3472085FFBB001BB6E6 /* Base */,
			);
			name = LaunchScreen.storyboard;
			sourceTree = "<group>";
		};
/* End PBXVariantGroup section */

/* Begin XCBuildConfiguration section */
		1875D3622085FFBB001BB6E6 /* Debug */ = {
			isa = XCBuildConfiguration;
			buildSettings = {
				ALWAYS_SEARCH_USER_PATHS = NO;
				CLANG_ANALYZER_NONNULL = YES;
				CLANG_ANALYZER_NUMBER_OBJECT_CONVERSION = YES_AGGRESSIVE;
				CLANG_CXX_LANGUAGE_STANDARD = "gnu++14";
				CLANG_CXX_LIBRARY = "libc++";
				CLANG_ENABLE_MODULES = YES;
				CLANG_ENABLE_OBJC_ARC = YES;
				CLANG_WARN_BLOCK_CAPTURE_AUTORELEASING = YES;
				CLANG_WARN_BOOL_CONVERSION = YES;
				CLANG_WARN_COMMA = YES;
				CLANG_WARN_CONSTANT_CONVERSION = YES;
				CLANG_WARN_DIRECT_OBJC_ISA_USAGE = YES_ERROR;
				CLANG_WARN_DOCUMENTATION_COMMENTS = YES;
				CLANG_WARN_EMPTY_BODY = YES;
				CLANG_WARN_ENUM_CONVERSION = YES;
				CLANG_WARN_INFINITE_RECURSION = YES;
				CLANG_WARN_INT_CONVERSION = YES;
				CLANG_WARN_NON_LITERAL_NULL_CONVERSION = YES;
				CLANG_WARN_OBJC_LITERAL_CONVERSION = YES;
				CLANG_WARN_OBJC_ROOT_CLASS = YES_ERROR;
				CLANG_WARN_RANGE_LOOP_ANALYSIS = YES;
				CLANG_WARN_STRICT_PROTOTYPES = YES;
				CLANG_WARN_SUSPICIOUS_MOVE = YES;
				CLANG_WARN_UNGUARDED_AVAILABILITY = YES_AGGRESSIVE;
				CLANG_WARN_UNREACHABLE_CODE = YES;
				CLANG_WARN__DUPLICATE_METHOD_MATCH = YES;
				CODE_SIGN_IDENTITY = "iPhone Developer";
				COPY_PHASE_STRIP = NO;
				DEBUG_INFORMATION_FORMAT = dwarf;
				ENABLE_STRICT_OBJC_MSGSEND = YES;
				ENABLE_TESTABILITY = YES;
				GCC_C_LANGUAGE_STANDARD = gnu11;
				GCC_DYNAMIC_NO_PIC = NO;
				GCC_NO_COMMON_BLOCKS = YES;
				GCC_OPTIMIZATION_LEVEL = 0;
				GCC_PREPROCESSOR_DEFINITIONS = (
					"DEBUG=1",
					"$(inherited)",
				);
				GCC_WARN_64_TO_32_BIT_CONVERSION = YES;
				GCC_WARN_ABOUT_RETURN_TYPE = YES_ERROR;
				GCC_WARN_UNDECLARED_SELECTOR = YES;
				GCC_WARN_UNINITIALIZED_AUTOS = YES_AGGRESSIVE;
				GCC_WARN_UNUSED_FUNCTION = YES;
				GCC_WARN_UNUSED_VARIABLE = YES;
				IPHONEOS_DEPLOYMENT_TARGET = 11.1;
				MTL_ENABLE_DEBUG_INFO = YES;
				ONLY_ACTIVE_ARCH = YES;
				SDKROOT = iphoneos;
			};
			name = Debug;
		};
		1875D3632085FFBB001BB6E6 /* Release */ = {
			isa = XCBuildConfiguration;
			buildSettings = {
				ALWAYS_SEARCH_USER_PATHS = NO;
				CLANG_ANALYZER_NONNULL = YES;
				CLANG_ANALYZER_NUMBER_OBJECT_CONVERSION = YES_AGGRESSIVE;
				CLANG_CXX_LANGUAGE_STANDARD = "gnu++14";
				CLANG_CXX_LIBRARY = "libc++";
				CLANG_ENABLE_MODULES = YES;
				CLANG_ENABLE_OBJC_ARC = YES;
				CLANG_WARN_BLOCK_CAPTURE_AUTORELEASING = YES;
				CLANG_WARN_BOOL_CONVERSION = YES;
				CLANG_WARN_COMMA = YES;
				CLANG_WARN_CONSTANT_CONVERSION = YES;
				CLANG_WARN_DIRECT_OBJC_ISA_USAGE = YES_ERROR;
				CLANG_WARN_DOCUMENTATION_COMMENTS = YES;
				CLANG_WARN_EMPTY_BODY = YES;
				CLANG_WARN_ENUM_CONVERSION = YES;
				CLANG_WARN_INFINITE_RECURSION = YES;
				CLANG_WARN_INT_CONVERSION = YES;
				CLANG_WARN_NON_LITERAL_NULL_CONVERSION = YES;
				CLANG_WARN_OBJC_LITERAL_CONVERSION = YES;
				CLANG_WARN_OBJC_ROOT_CLASS = YES_ERROR;
				CLANG_WARN_RANGE_LOOP_ANALYSIS = YES;
				CLANG_WARN_STRICT_PROTOTYPES = YES;
				CLANG_WARN_SUSPICIOUS_MOVE = YES;
				CLANG_WARN_UNGUARDED_AVAILABILITY = YES_AGGRESSIVE;
				CLANG_WARN_UNREACHABLE_CODE = YES;
				CLANG_WARN__DUPLICATE_METHOD_MATCH = YES;
				CODE_SIGN_IDENTITY = "iPhone Developer";
				COPY_PHASE_STRIP = NO;
				DEBUG_INFORMATION_FORMAT = "dwarf-with-dsym";
				ENABLE_NS_ASSERTIONS = NO;
				ENABLE_STRICT_OBJC_MSGSEND = YES;
				GCC_C_LANGUAGE_STANDARD = gnu11;
				GCC_NO_COMMON_BLOCKS = YES;
				GCC_WARN_64_TO_32_BIT_CONVERSION = YES;
				GCC_WARN_ABOUT_RETURN_TYPE = YES_ERROR;
				GCC_WARN_UNDECLARED_SELECTOR = YES;
				GCC_WARN_UNINITIALIZED_AUTOS = YES_AGGRESSIVE;
				GCC_WARN_UNUSED_FUNCTION = YES;
				GCC_WARN_UNUSED_VARIABLE = YES;
				IPHONEOS_DEPLOYMENT_TARGET = 11.1;
				MTL_ENABLE_DEBUG_INFO = NO;
				SDKROOT = iphoneos;
				VALIDATE_PRODUCT = YES;
			};
			name = Release;
		};
		1875D3652085FFBB001BB6E6 /* Debug */ = {
			isa = XCBuildConfiguration;
			buildSettings = {
				ASSETCATALOG_COMPILER_APPICON_NAME = AppIcon;
				CODE_SIGN_STYLE = Automatic;
				INFOPLIST_FILE = golly_Structure/Info.plist;
				LD_RUNPATH_SEARCH_PATHS = "$(inherited) @executable_path/Frameworks";
				PRODUCT_BUNDLE_IDENTIFIER = "text.golly-Structure";
				PRODUCT_NAME = "$(TARGET_NAME)";
				TARGETED_DEVICE_FAMILY = "1,2";
			};
			name = Debug;
		};
		1875D3662085FFBB001BB6E6 /* Release */ = {
			isa = XCBuildConfiguration;
			buildSettings = {
				ASSETCATALOG_COMPILER_APPICON_NAME = AppIcon;
				CODE_SIGN_STYLE = Automatic;
				INFOPLIST_FILE = golly_Structure/Info.plist;
				LD_RUNPATH_SEARCH_PATHS = "$(inherited) @executable_path/Frameworks";
				PRODUCT_BUNDLE_IDENTIFIER = "text.golly-Structure";
				PRODUCT_NAME = "$(TARGET_NAME)";
				TARGETED_DEVICE_FAMILY = "1,2";
			};
			name = Release;
		};
		1875D3682085FFBB001BB6E6 /* Debug */ = {
			isa = XCBuildConfiguration;
			buildSettings = {
				BUNDLE_LOADER = "$(TEST_HOST)";
				CODE_SIGN_STYLE = Automatic;
				INFOPLIST_FILE = golly_StructureTests/Info.plist;
				LD_RUNPATH_SEARCH_PATHS = "$(inherited) @executable_path/Frameworks @loader_path/Frameworks";
				PRODUCT_BUNDLE_IDENTIFIER = "text.golly-StructureTests";
				PRODUCT_NAME = "$(TARGET_NAME)";
				TARGETED_DEVICE_FAMILY = "1,2";
				TEST_HOST = "$(BUILT_PRODUCTS_DIR)/golly_Structure.app/golly_Structure";
			};
			name = Debug;
		};
		1875D3692085FFBB001BB6E6 /* Release */ = {
			isa = XCBuildConfiguration;
			buildSettings = {
				BUNDLE_LOADER = "$(TEST_HOST)";
				CODE_SIGN_STYLE = Automatic;
				INFOPLIST_FILE = golly_StructureTests/Info.plist;
				LD_RUNPATH_SEARCH_PATHS = "$(inherited) @executable_path/Frameworks @loader_path/Frameworks";
				PRODUCT_BUNDLE_IDENTIFIER = "text.golly-StructureTests";
				PRODUCT_NAME = "$(TARGET_NAME)";
				TARGETED_DEVICE_FAMILY = "1,2";
				TEST_HOST = "$(BUILT_PRODUCTS_DIR)/golly_Structure.app/golly_Structure";
			};
			name = Release;
		};
		1875D36B2085FFBB001BB6E6 /* Debug */ = {
			isa = XCBuildConfiguration;
			buildSettings = {
				CODE_SIGN_STYLE = Automatic;
				INFOPLIST_FILE = golly_StructureUITests/Info.plist;
				LD_RUNPATH_SEARCH_PATHS = "$(inherited) @executable_path/Frameworks @loader_path/Frameworks";
				PRODUCT_BUNDLE_IDENTIFIER = "text.golly-StructureUITests";
				PRODUCT_NAME = "$(TARGET_NAME)";
				TARGETED_DEVICE_FAMILY = "1,2";
				TEST_TARGET_NAME = golly_Structure;
			};
			name = Debug;
		};
		1875D36C2085FFBB001BB6E6 /* Release */ = {
			isa = XCBuildConfiguration;
			buildSettings = {
				CODE_SIGN_STYLE = Automatic;
				INFOPLIST_FILE = golly_StructureUITests/Info.plist;
				LD_RUNPATH_SEARCH_PATHS = "$(inherited) @executable_path/Frameworks @loader_path/Frameworks";
				PRODUCT_BUNDLE_IDENTIFIER = "text.golly-StructureUITests";
				PRODUCT_NAME = "$(TARGET_NAME)";
				TARGETED_DEVICE_FAMILY = "1,2";
				TEST_TARGET_NAME = golly_Structure;
			};
			name = Release;
		};
/* End XCBuildConfiguration section */

/* Begin XCConfigurationList section */
		1875D3332085FFBA001BB6E6 /* Build configuration list for PBXProject "golly_Structure" */ = {
			isa = XCConfigurationList;
			buildConfigurations = (
				1875D3622085FFBB001BB6E6 /* Debug */,
				1875D3632085FFBB001BB6E6 /* Release */,
			);
			defaultConfigurationIsVisible = 0;
			defaultConfigurationName = Release;
		};
		1875D3642085FFBB001BB6E6 /* Build configuration list for PBXNativeTarget "golly_Structure" */ = {
			isa = XCConfigurationList;
			buildConfigurations = (
				1875D3652085FFBB001BB6E6 /* Debug */,
				1875D3662085FFBB001BB6E6 /* Release */,
			);
			defaultConfigurationIsVisible = 0;
			defaultConfigurationName = Release;
		};
		1875D3672085FFBB001BB6E6 /* Build configuration list for PBXNativeTarget "golly_StructureTests" */ = {
			isa = XCConfigurationList;
			buildConfigurations = (
				1875D3682085FFBB001BB6E6 /* Debug */,
				1875D3692085FFBB001BB6E6 /* Release */,
			);
			defaultConfigurationIsVisible = 0;
			defaultConfigurationName = Release;
		};
		1875D36A2085FFBB001BB6E6 /* Build configuration list for PBXNativeTarget "golly_StructureUITests" */ = {
			isa = XCConfigurationList;
			buildConfigurations = (
				1875D36B2085FFBB001BB6E6 /* Debug */,
				1875D36C2085FFBB001BB6E6 /* Release */,
			);
			defaultConfigurationIsVisible = 0;
			defaultConfigurationName = Release;
		};
/* End XCConfigurationList section */
	};
	rootObject = 1875D3302085FFBA001BB6E6 /* Project object */;
}
